
Microsoft Visual Studio Solution File, Format Version 12.00
# Visual Studio Version 17
VisualStudioVersion = 17.3.32929.385
MinimumVisualStudioVersion = 10.0.40219.1
Project("{FAE04EC0-301F-11D3-BF4B-00C04F79EFBC}") = "BankManagementSystemMVC", "BankManagementSystemMVC.csproj", "{7013C925-A62F-4FD3-828E-BDC653C94580}"
EndProject
Global
	GlobalSection(SolutionConfigurationPlatforms) = preSolution
		Debug|Any CPU = Debug|Any CPU
		Release|Any CPU = Release|Any CPU
	EndGlobalSection
	GlobalSection(ProjectConfigurationPlatforms) = postSolution
		{7013C925-A62F-4FD3-828E-BDC653C94580}.Debug|Any CPU.ActiveCfg = Debug|Any CPU
		{7013C925-A62F-4FD3-828E-BDC653C94580}.Debug|Any CPU.Build.0 = Debug|Any CPU
		{7013C925-A62F-4FD3-828E-BDC653C94580}.Release|Any CPU.ActiveCfg = Release|Any CPU
		{7013C925-A62F-4FD3-828E-BDC653C94580}.Release|Any CPU.Build.0 = Release|Any CPU
	EndGlobalSection
	GlobalSection(SolutionProperties) = preSolution
		HideSolutionNode = FALSE
	EndGlobalSection
	GlobalSection(ExtensibilityGlobals) = postSolution
		SolutionGuid = {6940E528-6560-460B-AF02-65DFD3BBE093}
	EndGlobalSection
EndGlobal
